// !$*UTF8*$!
{
	archiveVersion = 1;
	classes = {
	};
	objectVersion = 52;
	objects = {

/* Begin PBXBuildFile section */
		6527DE3BB1A9692E274D1D08 /* Pods_PlatziTweets.framework in Frameworks */ = {isa = PBXBuildFile; fileRef = C334C301D46E28F97828406A /* Pods_PlatziTweets.framework */; };
		6A60A6E027C3EE6000F3F92D /* EndPoints.swift in Sources */ = {isa = PBXBuildFile; fileRef = 6A60A6DF27C3EE6000F3F92D /* EndPoints.swift */; };
		6A60A6E227C3EEE400F3F92D /* LoginRequest.swift in Sources */ = {isa = PBXBuildFile; fileRef = 6A60A6E127C3EEE400F3F92D /* LoginRequest.swift */; };
		6A60A6E427C3EF2000F3F92D /* LoginResponse.swift in Sources */ = {isa = PBXBuildFile; fileRef = 6A60A6E327C3EF2000F3F92D /* LoginResponse.swift */; };
		6A60A6E627C3EF6200F3F92D /* User.swift in Sources */ = {isa = PBXBuildFile; fileRef = 6A60A6E527C3EF6200F3F92D /* User.swift */; };
		6A60A6EB27C3EFE400F3F92D /* ErrorResponse.swift in Sources */ = {isa = PBXBuildFile; fileRef = 6A60A6EA27C3EFE400F3F92D /* ErrorResponse.swift */; };
		6A60A6ED27C3F05F00F3F92D /* RegisterRequest.swift in Sources */ = {isa = PBXBuildFile; fileRef = 6A60A6EC27C3F05F00F3F92D /* RegisterRequest.swift */; };
		6A60A6EF27C3F0AC00F3F92D /* RegisterResponse.swift in Sources */ = {isa = PBXBuildFile; fileRef = 6A60A6EE27C3F0AC00F3F92D /* RegisterResponse.swift */; };
		6A60A6F127C3F19800F3F92D /* Post.swift in Sources */ = {isa = PBXBuildFile; fileRef = 6A60A6F027C3F19800F3F92D /* Post.swift */; };
		6A60A6F327C3F1F600F3F92D /* Location.swift in Sources */ = {isa = PBXBuildFile; fileRef = 6A60A6F227C3F1F600F3F92D /* Location.swift */; };
		6A60A6F527C3F26F00F3F92D /* PostRequest.swift in Sources */ = {isa = PBXBuildFile; fileRef = 6A60A6F427C3F26F00F3F92D /* PostRequest.swift */; };
		6A60A6F727C3F2E800F3F92D /* GeneralResponse.swift in Sources */ = {isa = PBXBuildFile; fileRef = 6A60A6F627C3F2E800F3F92D /* GeneralResponse.swift */; };
		6A801E6527BB0ED900F6629F /* SVProgressHUD.xcframework in Frameworks */ = {isa = PBXBuildFile; fileRef = 6A801E5E27BB0ED900F6629F /* SVProgressHUD.xcframework */; };
		6A801E6627BB0ED900F6629F /* SVProgressHUD.xcframework in Embed Frameworks */ = {isa = PBXBuildFile; fileRef = 6A801E5E27BB0ED900F6629F /* SVProgressHUD.xcframework */; settings = {ATTRIBUTES = (CodeSignOnCopy, RemoveHeadersOnCopy, ); }; };
		6A801E6727BB0ED900F6629F /* Kingfisher.xcframework in Frameworks */ = {isa = PBXBuildFile; fileRef = 6A801E5F27BB0ED900F6629F /* Kingfisher.xcframework */; };
		6A801E6827BB0ED900F6629F /* Kingfisher.xcframework in Embed Frameworks */ = {isa = PBXBuildFile; fileRef = 6A801E5F27BB0ED900F6629F /* Kingfisher.xcframework */; settings = {ATTRIBUTES = (CodeSignOnCopy, RemoveHeadersOnCopy, ); }; };
		6A801E6927BB0ED900F6629F /* Lottie.xcframework in Frameworks */ = {isa = PBXBuildFile; fileRef = 6A801E6027BB0ED900F6629F /* Lottie.xcframework */; };
		6A801E6A27BB0ED900F6629F /* Lottie.xcframework in Embed Frameworks */ = {isa = PBXBuildFile; fileRef = 6A801E6027BB0ED900F6629F /* Lottie.xcframework */; settings = {ATTRIBUTES = (CodeSignOnCopy, RemoveHeadersOnCopy, ); }; };
		6A801E6B27BB0ED900F6629F /* KeychainSwift.xcframework in Frameworks */ = {isa = PBXBuildFile; fileRef = 6A801E6127BB0ED900F6629F /* KeychainSwift.xcframework */; };
		6A801E6C27BB0ED900F6629F /* KeychainSwift.xcframework in Embed Frameworks */ = {isa = PBXBuildFile; fileRef = 6A801E6127BB0ED900F6629F /* KeychainSwift.xcframework */; settings = {ATTRIBUTES = (CodeSignOnCopy, RemoveHeadersOnCopy, ); }; };
		6A801E6D27BB0ED900F6629F /* MarqueeLabel.xcframework in Frameworks */ = {isa = PBXBuildFile; fileRef = 6A801E6227BB0ED900F6629F /* MarqueeLabel.xcframework */; };
		6A801E6E27BB0ED900F6629F /* MarqueeLabel.xcframework in Embed Frameworks */ = {isa = PBXBuildFile; fileRef = 6A801E6227BB0ED900F6629F /* MarqueeLabel.xcframework */; settings = {ATTRIBUTES = (CodeSignOnCopy, RemoveHeadersOnCopy, ); }; };
		6A801E6F27BB0ED900F6629F /* NotificationBanner.xcframework in Frameworks */ = {isa = PBXBuildFile; fileRef = 6A801E6327BB0ED900F6629F /* NotificationBanner.xcframework */; };
		6A801E7027BB0ED900F6629F /* NotificationBanner.xcframework in Embed Frameworks */ = {isa = PBXBuildFile; fileRef = 6A801E6327BB0ED900F6629F /* NotificationBanner.xcframework */; settings = {ATTRIBUTES = (CodeSignOnCopy, RemoveHeadersOnCopy, ); }; };
		6A801E7127BB0ED900F6629F /* SnapKit.xcframework in Frameworks */ = {isa = PBXBuildFile; fileRef = 6A801E6427BB0ED900F6629F /* SnapKit.xcframework */; };
		6A801E7227BB0ED900F6629F /* SnapKit.xcframework in Embed Frameworks */ = {isa = PBXBuildFile; fileRef = 6A801E6427BB0ED900F6629F /* SnapKit.xcframework */; settings = {ATTRIBUTES = (CodeSignOnCopy, RemoveHeadersOnCopy, ); }; };
		B10E0DEB27A0AD61001B1F3E /* LoginViewController.swift in Sources */ = {isa = PBXBuildFile; fileRef = B10E0DEA27A0AD61001B1F3E /* LoginViewController.swift */; };
		B10E0DED27A0AD6E001B1F3E /* RegisterViewController.swift in Sources */ = {isa = PBXBuildFile; fileRef = B10E0DEC27A0AD6E001B1F3E /* RegisterViewController.swift */; };
		B10E0DF027A0B6D7001B1F3E /* Home.storyboard in Resources */ = {isa = PBXBuildFile; fileRef = B10E0DEF27A0B6D6001B1F3E /* Home.storyboard */; };
		B15C3858279601CC002C241F /* AppDelegate.swift in Sources */ = {isa = PBXBuildFile; fileRef = B15C3857279601CC002C241F /* AppDelegate.swift */; };
		B15C385C279601CC002C241F /* ViewController.swift in Sources */ = {isa = PBXBuildFile; fileRef = B15C385B279601CC002C241F /* ViewController.swift */; };
		B15C3861279601D1002C241F /* Assets.xcassets in Resources */ = {isa = PBXBuildFile; fileRef = B15C3860279601D1002C241F /* Assets.xcassets */; };
		B15C3864279601D1002C241F /* LaunchScreen.storyboard in Resources */ = {isa = PBXBuildFile; fileRef = B15C3862279601D1002C241F /* LaunchScreen.storyboard */; };
		B15C38862798A49A002C241F /* Welcome.storyboard in Resources */ = {isa = PBXBuildFile; fileRef = B15C38852798A49A002C241F /* Welcome.storyboard */; };
		B15C388B2798A76E002C241F /* Colors.xcassets in Resources */ = {isa = PBXBuildFile; fileRef = B15C388A2798A76E002C241F /* Colors.xcassets */; };
		B15C38922798A794002C241F /* error.json in Resources */ = {isa = PBXBuildFile; fileRef = B15C388C2798A793002C241F /* error.json */; };
		B15C38932798A794002C241F /* warning.json in Resources */ = {isa = PBXBuildFile; fileRef = B15C388D2798A794002C241F /* warning.json */; };
		B15C38942798A794002C241F /* loader.json in Resources */ = {isa = PBXBuildFile; fileRef = B15C388E2798A794002C241F /* loader.json */; };
		B15C38952798A794002C241F /* question.json in Resources */ = {isa = PBXBuildFile; fileRef = B15C388F2798A794002C241F /* question.json */; };
		B15C38962798A794002C241F /* check.json in Resources */ = {isa = PBXBuildFile; fileRef = B15C38902798A794002C241F /* check.json */; };
		B15C38972798A794002C241F /* info.json in Resources */ = {isa = PBXBuildFile; fileRef = B15C38912798A794002C241F /* info.json */; };
/* End PBXBuildFile section */

/* Begin PBXCopyFilesBuildPhase section */
		6A801E7327BB0ED900F6629F /* Embed Frameworks */ = {
			isa = PBXCopyFilesBuildPhase;
			buildActionMask = 2147483647;
			dstPath = "";
			dstSubfolderSpec = 10;
			files = (
				6A801E7027BB0ED900F6629F /* NotificationBanner.xcframework in Embed Frameworks */,
				6A801E7227BB0ED900F6629F /* SnapKit.xcframework in Embed Frameworks */,
				6A801E6627BB0ED900F6629F /* SVProgressHUD.xcframework in Embed Frameworks */,
				6A801E6C27BB0ED900F6629F /* KeychainSwift.xcframework in Embed Frameworks */,
				6A801E6827BB0ED900F6629F /* Kingfisher.xcframework in Embed Frameworks */,
				6A801E6E27BB0ED900F6629F /* MarqueeLabel.xcframework in Embed Frameworks */,
				6A801E6A27BB0ED900F6629F /* Lottie.xcframework in Embed Frameworks */,
			);
			name = "Embed Frameworks";
			runOnlyForDeploymentPostprocessing = 0;
		};
/* End PBXCopyFilesBuildPhase section */

/* Begin PBXFileReference section */
		40C958FB849100A3A4E0203D /* Pods-PlatziTweets.debug.xcconfig */ = {isa = PBXFileReference; includeInIndex = 1; lastKnownFileType = text.xcconfig; name = "Pods-PlatziTweets.debug.xcconfig"; path = "Target Support Files/Pods-PlatziTweets/Pods-PlatziTweets.debug.xcconfig"; sourceTree = "<group>"; };
		6A60A6DF27C3EE6000F3F92D /* EndPoints.swift */ = {isa = PBXFileReference; lastKnownFileType = sourcecode.swift; path = EndPoints.swift; sourceTree = "<group>"; };
		6A60A6E127C3EEE400F3F92D /* LoginRequest.swift */ = {isa = PBXFileReference; lastKnownFileType = sourcecode.swift; path = LoginRequest.swift; sourceTree = "<group>"; };
		6A60A6E327C3EF2000F3F92D /* LoginResponse.swift */ = {isa = PBXFileReference; lastKnownFileType = sourcecode.swift; path = LoginResponse.swift; sourceTree = "<group>"; };
		6A60A6E527C3EF6200F3F92D /* User.swift */ = {isa = PBXFileReference; lastKnownFileType = sourcecode.swift; path = User.swift; sourceTree = "<group>"; };
		6A60A6EA27C3EFE400F3F92D /* ErrorResponse.swift */ = {isa = PBXFileReference; lastKnownFileType = sourcecode.swift; path = ErrorResponse.swift; sourceTree = "<group>"; };
		6A60A6EC27C3F05F00F3F92D /* RegisterRequest.swift */ = {isa = PBXFileReference; lastKnownFileType = sourcecode.swift; path = RegisterRequest.swift; sourceTree = "<group>"; };
		6A60A6EE27C3F0AC00F3F92D /* RegisterResponse.swift */ = {isa = PBXFileReference; lastKnownFileType = sourcecode.swift; path = RegisterResponse.swift; sourceTree = "<group>"; };
		6A60A6F027C3F19800F3F92D /* Post.swift */ = {isa = PBXFileReference; lastKnownFileType = sourcecode.swift; path = Post.swift; sourceTree = "<group>"; };
		6A60A6F227C3F1F600F3F92D /* Location.swift */ = {isa = PBXFileReference; lastKnownFileType = sourcecode.swift; path = Location.swift; sourceTree = "<group>"; };
		6A60A6F427C3F26F00F3F92D /* PostRequest.swift */ = {isa = PBXFileReference; lastKnownFileType = sourcecode.swift; path = PostRequest.swift; sourceTree = "<group>"; };
		6A60A6F627C3F2E800F3F92D /* GeneralResponse.swift */ = {isa = PBXFileReference; lastKnownFileType = sourcecode.swift; path = GeneralResponse.swift; sourceTree = "<group>"; };
		6A801E5E27BB0ED900F6629F /* SVProgressHUD.xcframework */ = {isa = PBXFileReference; lastKnownFileType = wrapper.xcframework; name = SVProgressHUD.xcframework; path = Carthage/Build/SVProgressHUD.xcframework; sourceTree = "<group>"; };
		6A801E5F27BB0ED900F6629F /* Kingfisher.xcframework */ = {isa = PBXFileReference; lastKnownFileType = wrapper.xcframework; name = Kingfisher.xcframework; path = Carthage/Build/Kingfisher.xcframework; sourceTree = "<group>"; };
		6A801E6027BB0ED900F6629F /* Lottie.xcframework */ = {isa = PBXFileReference; lastKnownFileType = wrapper.xcframework; name = Lottie.xcframework; path = Carthage/Build/Lottie.xcframework; sourceTree = "<group>"; };
		6A801E6127BB0ED900F6629F /* KeychainSwift.xcframework */ = {isa = PBXFileReference; lastKnownFileType = wrapper.xcframework; name = KeychainSwift.xcframework; path = Carthage/Build/KeychainSwift.xcframework; sourceTree = "<group>"; };
		6A801E6227BB0ED900F6629F /* MarqueeLabel.xcframework */ = {isa = PBXFileReference; lastKnownFileType = wrapper.xcframework; name = MarqueeLabel.xcframework; path = Carthage/Build/MarqueeLabel.xcframework; sourceTree = "<group>"; };
		6A801E6327BB0ED900F6629F /* NotificationBanner.xcframework */ = {isa = PBXFileReference; lastKnownFileType = wrapper.xcframework; name = NotificationBanner.xcframework; path = Carthage/Build/NotificationBanner.xcframework; sourceTree = "<group>"; };
		6A801E6427BB0ED900F6629F /* SnapKit.xcframework */ = {isa = PBXFileReference; lastKnownFileType = wrapper.xcframework; name = SnapKit.xcframework; path = Carthage/Build/SnapKit.xcframework; sourceTree = "<group>"; };
		B10E0DEA27A0AD61001B1F3E /* LoginViewController.swift */ = {isa = PBXFileReference; lastKnownFileType = sourcecode.swift; path = LoginViewController.swift; sourceTree = "<group>"; };
		B10E0DEC27A0AD6E001B1F3E /* RegisterViewController.swift */ = {isa = PBXFileReference; lastKnownFileType = sourcecode.swift; path = RegisterViewController.swift; sourceTree = "<group>"; };
		B10E0DEF27A0B6D6001B1F3E /* Home.storyboard */ = {isa = PBXFileReference; lastKnownFileType = file.storyboard; path = Home.storyboard; sourceTree = "<group>"; };
		B15C3854279601CC002C241F /* PlatziTweets.app */ = {isa = PBXFileReference; explicitFileType = wrapper.application; includeInIndex = 0; path = PlatziTweets.app; sourceTree = BUILT_PRODUCTS_DIR; };
		B15C3857279601CC002C241F /* AppDelegate.swift */ = {isa = PBXFileReference; lastKnownFileType = sourcecode.swift; path = AppDelegate.swift; sourceTree = "<group>"; };
		B15C385B279601CC002C241F /* ViewController.swift */ = {isa = PBXFileReference; lastKnownFileType = sourcecode.swift; path = ViewController.swift; sourceTree = "<group>"; };
		B15C3860279601D1002C241F /* Assets.xcassets */ = {isa = PBXFileReference; lastKnownFileType = folder.assetcatalog; path = Assets.xcassets; sourceTree = "<group>"; };
		B15C3863279601D1002C241F /* Base */ = {isa = PBXFileReference; lastKnownFileType = file.storyboard; name = Base; path = Base.lproj/LaunchScreen.storyboard; sourceTree = "<group>"; };
		B15C3865279601D1002C241F /* Info.plist */ = {isa = PBXFileReference; lastKnownFileType = text.plist.xml; path = Info.plist; sourceTree = "<group>"; };
		B15C386B2798640B002C241F /* Lottie.framework */ = {isa = PBXFileReference; lastKnownFileType = wrapper.framework; name = Lottie.framework; path = Carthage/Build/iOS/Lottie.framework; sourceTree = "<group>"; };
		B15C386C2798640B002C241F /* KeychainSwift.framework */ = {isa = PBXFileReference; lastKnownFileType = wrapper.framework; name = KeychainSwift.framework; path = Carthage/Build/iOS/KeychainSwift.framework; sourceTree = "<group>"; };
		B15C386D2798640B002C241F /* SnapKit.framework */ = {isa = PBXFileReference; lastKnownFileType = wrapper.framework; name = SnapKit.framework; path = Carthage/Build/iOS/SnapKit.framework; sourceTree = "<group>"; };
		B15C386E2798640B002C241F /* SVProgressHUD.framework */ = {isa = PBXFileReference; lastKnownFileType = wrapper.framework; name = SVProgressHUD.framework; path = Carthage/Build/iOS/SVProgressHUD.framework; sourceTree = "<group>"; };
		B15C386F2798640B002C241F /* NotificationBanner.framework */ = {isa = PBXFileReference; lastKnownFileType = wrapper.framework; name = NotificationBanner.framework; path = Carthage/Build/iOS/NotificationBanner.framework; sourceTree = "<group>"; };
		B15C38702798640B002C241F /* Kingfisher.framework */ = {isa = PBXFileReference; lastKnownFileType = wrapper.framework; name = Kingfisher.framework; path = Carthage/Build/iOS/Kingfisher.framework; sourceTree = "<group>"; };
		B15C38712798640B002C241F /* MarqueeLabel.framework */ = {isa = PBXFileReference; lastKnownFileType = wrapper.framework; name = MarqueeLabel.framework; path = Carthage/Build/iOS/MarqueeLabel.framework; sourceTree = "<group>"; };
		B15C38852798A49A002C241F /* Welcome.storyboard */ = {isa = PBXFileReference; lastKnownFileType = file.storyboard; path = Welcome.storyboard; sourceTree = "<group>"; };
		B15C388A2798A76E002C241F /* Colors.xcassets */ = {isa = PBXFileReference; lastKnownFileType = folder.assetcatalog; path = Colors.xcassets; sourceTree = "<group>"; };
		B15C388C2798A793002C241F /* error.json */ = {isa = PBXFileReference; fileEncoding = 4; lastKnownFileType = text.json; path = error.json; sourceTree = "<group>"; };
		B15C388D2798A794002C241F /* warning.json */ = {isa = PBXFileReference; fileEncoding = 4; lastKnownFileType = text.json; path = warning.json; sourceTree = "<group>"; };
		B15C388E2798A794002C241F /* loader.json */ = {isa = PBXFileReference; fileEncoding = 4; lastKnownFileType = text.json; path = loader.json; sourceTree = "<group>"; };
		B15C388F2798A794002C241F /* question.json */ = {isa = PBXFileReference; fileEncoding = 4; lastKnownFileType = text.json; path = question.json; sourceTree = "<group>"; };
		B15C38902798A794002C241F /* check.json */ = {isa = PBXFileReference; fileEncoding = 4; lastKnownFileType = text.json; path = check.json; sourceTree = "<group>"; };
		B15C38912798A794002C241F /* info.json */ = {isa = PBXFileReference; fileEncoding = 4; lastKnownFileType = text.json; path = info.json; sourceTree = "<group>"; };
		C334C301D46E28F97828406A /* Pods_PlatziTweets.framework */ = {isa = PBXFileReference; explicitFileType = wrapper.framework; includeInIndex = 0; path = Pods_PlatziTweets.framework; sourceTree = BUILT_PRODUCTS_DIR; };
		F56A0B9E48983299821282DE /* Pods-PlatziTweets.release.xcconfig */ = {isa = PBXFileReference; includeInIndex = 1; lastKnownFileType = text.xcconfig; name = "Pods-PlatziTweets.release.xcconfig"; path = "Target Support Files/Pods-PlatziTweets/Pods-PlatziTweets.release.xcconfig"; sourceTree = "<group>"; };
/* End PBXFileReference section */

/* Begin PBXFrameworksBuildPhase section */
		B15C3851279601CC002C241F /* Frameworks */ = {
			isa = PBXFrameworksBuildPhase;
			buildActionMask = 2147483647;
			files = (
				6A801E6727BB0ED900F6629F /* Kingfisher.xcframework in Frameworks */,
				6527DE3BB1A9692E274D1D08 /* Pods_PlatziTweets.framework in Frameworks */,
				6A801E6B27BB0ED900F6629F /* KeychainSwift.xcframework in Frameworks */,
				6A801E6927BB0ED900F6629F /* Lottie.xcframework in Frameworks */,
				6A801E7127BB0ED900F6629F /* SnapKit.xcframework in Frameworks */,
				6A801E6F27BB0ED900F6629F /* NotificationBanner.xcframework in Frameworks */,
				6A801E6527BB0ED900F6629F /* SVProgressHUD.xcframework in Frameworks */,
				6A801E6D27BB0ED900F6629F /* MarqueeLabel.xcframework in Frameworks */,
			);
			runOnlyForDeploymentPostprocessing = 0;
		};
/* End PBXFrameworksBuildPhase section */

/* Begin PBXGroup section */
		387D369BFEC61F933F576406 /* Frameworks */ = {
			isa = PBXGroup;
			children = (
				6A801E6127BB0ED900F6629F /* KeychainSwift.xcframework */,
				6A801E5F27BB0ED900F6629F /* Kingfisher.xcframework */,
				6A801E6027BB0ED900F6629F /* Lottie.xcframework */,
				6A801E6227BB0ED900F6629F /* MarqueeLabel.xcframework */,
				6A801E6327BB0ED900F6629F /* NotificationBanner.xcframework */,
				6A801E6427BB0ED900F6629F /* SnapKit.xcframework */,
				6A801E5E27BB0ED900F6629F /* SVProgressHUD.xcframework */,
				B15C386C2798640B002C241F /* KeychainSwift.framework */,
				B15C38702798640B002C241F /* Kingfisher.framework */,
				B15C386B2798640B002C241F /* Lottie.framework */,
				B15C38712798640B002C241F /* MarqueeLabel.framework */,
				B15C386F2798640B002C241F /* NotificationBanner.framework */,
				B15C386D2798640B002C241F /* SnapKit.framework */,
				B15C386E2798640B002C241F /* SVProgressHUD.framework */,
				C334C301D46E28F97828406A /* Pods_PlatziTweets.framework */,
			);
			name = Frameworks;
			sourceTree = "<group>";
		};
		6A60A6E727C3EFAF00F3F92D /* Models */ = {
			isa = PBXGroup;
			children = (
				6A60A6E927C3EFCC00F3F92D /* Response */,
				6A60A6E827C3EFC000F3F92D /* Request */,
				6A60A6F027C3F19800F3F92D /* Post.swift */,
				6A60A6E527C3EF6200F3F92D /* User.swift */,
				6A60A6F227C3F1F600F3F92D /* Location.swift */,
			);
			path = Models;
			sourceTree = "<group>";
		};
		6A60A6E827C3EFC000F3F92D /* Request */ = {
			isa = PBXGroup;
			children = (
				6A60A6E127C3EEE400F3F92D /* LoginRequest.swift */,
				6A60A6EC27C3F05F00F3F92D /* RegisterRequest.swift */,
				6A60A6F427C3F26F00F3F92D /* PostRequest.swift */,
			);
			path = Request;
			sourceTree = "<group>";
		};
		6A60A6E927C3EFCC00F3F92D /* Response */ = {
			isa = PBXGroup;
			children = (
				6A60A6E327C3EF2000F3F92D /* LoginResponse.swift */,
				6A60A6EA27C3EFE400F3F92D /* ErrorResponse.swift */,
				6A60A6EE27C3F0AC00F3F92D /* RegisterResponse.swift */,
				6A60A6F627C3F2E800F3F92D /* GeneralResponse.swift */,
			);
			path = Response;
			sourceTree = "<group>";
		};
		B10E0DEE27A0B6BE001B1F3E /* Home */ = {
			isa = PBXGroup;
			children = (
				B10E0DEF27A0B6D6001B1F3E /* Home.storyboard */,
			);
			path = Home;
			sourceTree = "<group>";
		};
		B15C384B279601CC002C241F = {
			isa = PBXGroup;
			children = (
				B15C3856279601CC002C241F /* PlatziTweets */,
				B15C3855279601CC002C241F /* Products */,
				B222B7D8C5B52A59AC62E230 /* Pods */,
				387D369BFEC61F933F576406 /* Frameworks */,
			);
			sourceTree = "<group>";
		};
		B15C3855279601CC002C241F /* Products */ = {
			isa = PBXGroup;
			children = (
				B15C3854279601CC002C241F /* PlatziTweets.app */,
			);
			name = Products;
			sourceTree = "<group>";
		};
		B15C3856279601CC002C241F /* PlatziTweets */ = {
			isa = PBXGroup;
			children = (
				B15C38832798A430002C241F /* modules */,
				B15C38822798A41B002C241F /* Commons */,
				B15C3865279601D1002C241F /* Info.plist */,
			);
			path = PlatziTweets;
			sourceTree = "<group>";
		};
		B15C38822798A41B002C241F /* Commons */ = {
			isa = PBXGroup;
			children = (
				6A60A6E727C3EFAF00F3F92D /* Models */,
				B15C38872798A68A002C241F /* Resources */,
				B15C3857279601CC002C241F /* AppDelegate.swift */,
				B15C385B279601CC002C241F /* ViewController.swift */,
				B15C3862279601D1002C241F /* LaunchScreen.storyboard */,
				6A60A6DF27C3EE6000F3F92D /* EndPoints.swift */,
			);
			path = Commons;
			sourceTree = "<group>";
		};
		B15C38832798A430002C241F /* modules */ = {
			isa = PBXGroup;
			children = (
				B10E0DEE27A0B6BE001B1F3E /* Home */,
				B15C38842798A465002C241F /* Welcome */,
			);
			path = modules;
			sourceTree = "<group>";
		};
		B15C38842798A465002C241F /* Welcome */ = {
			isa = PBXGroup;
			children = (
				B15C38852798A49A002C241F /* Welcome.storyboard */,
				B10E0DEA27A0AD61001B1F3E /* LoginViewController.swift */,
				B10E0DEC27A0AD6E001B1F3E /* RegisterViewController.swift */,
			);
			path = Welcome;
			sourceTree = "<group>";
		};
		B15C38872798A68A002C241F /* Resources */ = {
			isa = PBXGroup;
			children = (
				B15C38882798A6BF002C241F /* Animations */,
				B15C3860279601D1002C241F /* Assets.xcassets */,
				B15C388A2798A76E002C241F /* Colors.xcassets */,
			);
			path = Resources;
			sourceTree = "<group>";
		};
		B15C38882798A6BF002C241F /* Animations */ = {
			isa = PBXGroup;
			children = (
				B15C38902798A794002C241F /* check.json */,
				B15C388C2798A793002C241F /* error.json */,
				B15C38912798A794002C241F /* info.json */,
				B15C388E2798A794002C241F /* loader.json */,
				B15C388F2798A794002C241F /* question.json */,
				B15C388D2798A794002C241F /* warning.json */,
			);
			path = Animations;
			sourceTree = "<group>";
		};
		B222B7D8C5B52A59AC62E230 /* Pods */ = {
			isa = PBXGroup;
			children = (
				40C958FB849100A3A4E0203D /* Pods-PlatziTweets.debug.xcconfig */,
				F56A0B9E48983299821282DE /* Pods-PlatziTweets.release.xcconfig */,
			);
			path = Pods;
			sourceTree = "<group>";
		};
/* End PBXGroup section */

/* Begin PBXNativeTarget section */
		B15C3853279601CC002C241F /* PlatziTweets */ = {
			isa = PBXNativeTarget;
			buildConfigurationList = B15C3868279601D1002C241F /* Build configuration list for PBXNativeTarget "PlatziTweets" */;
			buildPhases = (
				14ADF2655744C8DCDDC71172 /* [CP] Check Pods Manifest.lock */,
				B15C3850279601CC002C241F /* Sources */,
				B15C3851279601CC002C241F /* Frameworks */,
				B15C3852279601CC002C241F /* Resources */,
				41A055DC86446D90B3D78DC9 /* [CP] Embed Pods Frameworks */,
				6A801E7327BB0ED900F6629F /* Embed Frameworks */,
			);
			buildRules = (
			);
			dependencies = (
			);
			name = PlatziTweets;
			productName = PlatziTweets;
			productReference = B15C3854279601CC002C241F /* PlatziTweets.app */;
			productType = "com.apple.product-type.application";
		};
/* End PBXNativeTarget section */

/* Begin PBXProject section */
		B15C384C279601CC002C241F /* Project object */ = {
			isa = PBXProject;
			attributes = {
				LastSwiftUpdateCheck = 1250;
				LastUpgradeCheck = 1250;
				TargetAttributes = {
					B15C3853279601CC002C241F = {
						CreatedOnToolsVersion = 12.5.1;
					};
				};
			};
			buildConfigurationList = B15C384F279601CC002C241F /* Build configuration list for PBXProject "PlatziTweets" */;
			compatibilityVersion = "Xcode 9.3";
			developmentRegion = en;
			hasScannedForEncodings = 0;
			knownRegions = (
				en,
				Base,
			);
			mainGroup = B15C384B279601CC002C241F;
			productRefGroup = B15C3855279601CC002C241F /* Products */;
			projectDirPath = "";
			projectRoot = "";
			targets = (
				B15C3853279601CC002C241F /* PlatziTweets */,
			);
		};
/* End PBXProject section */

/* Begin PBXResourcesBuildPhase section */
		B15C3852279601CC002C241F /* Resources */ = {
			isa = PBXResourcesBuildPhase;
			buildActionMask = 2147483647;
			files = (
				B15C38962798A794002C241F /* check.json in Resources */,
				B10E0DF027A0B6D7001B1F3E /* Home.storyboard in Resources */,
				B15C38922798A794002C241F /* error.json in Resources */,
				B15C3864279601D1002C241F /* LaunchScreen.storyboard in Resources */,
				B15C388B2798A76E002C241F /* Colors.xcassets in Resources */,
				B15C38942798A794002C241F /* loader.json in Resources */,
				B15C3861279601D1002C241F /* Assets.xcassets in Resources */,
				B15C38952798A794002C241F /* question.json in Resources */,
				B15C38972798A794002C241F /* info.json in Resources */,
				B15C38932798A794002C241F /* warning.json in Resources */,
				B15C38862798A49A002C241F /* Welcome.storyboard in Resources */,
			);
			runOnlyForDeploymentPostprocessing = 0;
		};
/* End PBXResourcesBuildPhase section */

/* Begin PBXShellScriptBuildPhase section */
		14ADF2655744C8DCDDC71172 /* [CP] Check Pods Manifest.lock */ = {
			isa = PBXShellScriptBuildPhase;
			buildActionMask = 2147483647;
			files = (
			);
			inputFileListPaths = (
			);
			inputPaths = (
				"${PODS_PODFILE_DIR_PATH}/Podfile.lock",
				"${PODS_ROOT}/Manifest.lock",
			);
			name = "[CP] Check Pods Manifest.lock";
			outputFileListPaths = (
			);
			outputPaths = (
				"$(DERIVED_FILE_DIR)/Pods-PlatziTweets-checkManifestLockResult.txt",
			);
			runOnlyForDeploymentPostprocessing = 0;
			shellPath = /bin/sh;
			shellScript = "diff \"${PODS_PODFILE_DIR_PATH}/Podfile.lock\" \"${PODS_ROOT}/Manifest.lock\" > /dev/null\nif [ $? != 0 ] ; then\n    # print error to STDERR\n    echo \"error: The sandbox is not in sync with the Podfile.lock. Run 'pod install' or update your CocoaPods installation.\" >&2\n    exit 1\nfi\n# This output is used by Xcode 'outputs' to avoid re-running this script phase.\necho \"SUCCESS\" > \"${SCRIPT_OUTPUT_FILE_0}\"\n";
			showEnvVarsInLog = 0;
		};
		41A055DC86446D90B3D78DC9 /* [CP] Embed Pods Frameworks */ = {
			isa = PBXShellScriptBuildPhase;
			buildActionMask = 2147483647;
			files = (
			);
			inputFileListPaths = (
				"${PODS_ROOT}/Target Support Files/Pods-PlatziTweets/Pods-PlatziTweets-frameworks-${CONFIGURATION}-input-files.xcfilelist",
			);
			name = "[CP] Embed Pods Frameworks";
			outputFileListPaths = (
				"${PODS_ROOT}/Target Support Files/Pods-PlatziTweets/Pods-PlatziTweets-frameworks-${CONFIGURATION}-output-files.xcfilelist",
			);
			runOnlyForDeploymentPostprocessing = 0;
			shellPath = /bin/sh;
			shellScript = "\"${PODS_ROOT}/Target Support Files/Pods-PlatziTweets/Pods-PlatziTweets-frameworks.sh\"\n";
			showEnvVarsInLog = 0;
		};
/* End PBXShellScriptBuildPhase section */

/* Begin PBXSourcesBuildPhase section */
		B15C3850279601CC002C241F /* Sources */ = {
			isa = PBXSourcesBuildPhase;
			buildActionMask = 2147483647;
			files = (
				B10E0DEB27A0AD61001B1F3E /* LoginViewController.swift in Sources */,
				6A60A6F527C3F26F00F3F92D /* PostRequest.swift in Sources */,
				6A60A6E027C3EE6000F3F92D /* EndPoints.swift in Sources */,
				6A60A6ED27C3F05F00F3F92D /* RegisterRequest.swift in Sources */,
				6A60A6F727C3F2E800F3F92D /* GeneralResponse.swift in Sources */,
				B10E0DED27A0AD6E001B1F3E /* RegisterViewController.swift in Sources */,
				6A60A6E227C3EEE400F3F92D /* LoginRequest.swift in Sources */,
				6A60A6E627C3EF6200F3F92D /* User.swift in Sources */,
				6A60A6F327C3F1F600F3F92D /* Location.swift in Sources */,
				6A60A6EF27C3F0AC00F3F92D /* RegisterResponse.swift in Sources */,
				B15C385C279601CC002C241F /* ViewController.swift in Sources */,
				6A60A6EB27C3EFE400F3F92D /* ErrorResponse.swift in Sources */,
				B15C3858279601CC002C241F /* AppDelegate.swift in Sources */,
				6A60A6F127C3F19800F3F92D /* Post.swift in Sources */,
				6A60A6E427C3EF2000F3F92D /* LoginResponse.swift in Sources */,
			);
			runOnlyForDeploymentPostprocessing = 0;
		};
/* End PBXSourcesBuildPhase section */

/* Begin PBXVariantGroup section */
		B15C3862279601D1002C241F /* LaunchScreen.storyboard */ = {
			isa = PBXVariantGroup;
			children = (
				B15C3863279601D1002C241F /* Base */,
			);
			name = LaunchScreen.storyboard;
			sourceTree = "<group>";
		};
/* End PBXVariantGroup section */

/* Begin XCBuildConfiguration section */
		B15C3866279601D1002C241F /* Debug */ = {
			isa = XCBuildConfiguration;
			buildSettings = {
				ALWAYS_SEARCH_USER_PATHS = NO;
				CLANG_ANALYZER_NONNULL = YES;
				CLANG_ANALYZER_NUMBER_OBJECT_CONVERSION = YES_AGGRESSIVE;
				CLANG_CXX_LANGUAGE_STANDARD = "gnu++14";
				CLANG_CXX_LIBRARY = "libc++";
				CLANG_ENABLE_MODULES = YES;
				CLANG_ENABLE_OBJC_ARC = YES;
				CLANG_ENABLE_OBJC_WEAK = YES;
				CLANG_WARN_BLOCK_CAPTURE_AUTORELEASING = YES;
				CLANG_WARN_BOOL_CONVERSION = YES;
				CLANG_WARN_COMMA = YES;
				CLANG_WARN_CONSTANT_CONVERSION = YES;
				CLANG_WARN_DEPRECATED_OBJC_IMPLEMENTATIONS = YES;
				CLANG_WARN_DIRECT_OBJC_ISA_USAGE = YES_ERROR;
				CLANG_WARN_DOCUMENTATION_COMMENTS = YES;
				CLANG_WARN_EMPTY_BODY = YES;
				CLANG_WARN_ENUM_CONVERSION = YES;
				CLANG_WARN_INFINITE_RECURSION = YES;
				CLANG_WARN_INT_CONVERSION = YES;
				CLANG_WARN_NON_LITERAL_NULL_CONVERSION = YES;
				CLANG_WARN_OBJC_IMPLICIT_RETAIN_SELF = YES;
				CLANG_WARN_OBJC_LITERAL_CONVERSION = YES;
				CLANG_WARN_OBJC_ROOT_CLASS = YES_ERROR;
				CLANG_WARN_QUOTED_INCLUDE_IN_FRAMEWORK_HEADER = YES;
				CLANG_WARN_RANGE_LOOP_ANALYSIS = YES;
				CLANG_WARN_STRICT_PROTOTYPES = YES;
				CLANG_WARN_SUSPICIOUS_MOVE = YES;
				CLANG_WARN_UNGUARDED_AVAILABILITY = YES_AGGRESSIVE;
				CLANG_WARN_UNREACHABLE_CODE = YES;
				CLANG_WARN__DUPLICATE_METHOD_MATCH = YES;
				COPY_PHASE_STRIP = NO;
				DEBUG_INFORMATION_FORMAT = dwarf;
				ENABLE_STRICT_OBJC_MSGSEND = YES;
				ENABLE_TESTABILITY = YES;
				GCC_C_LANGUAGE_STANDARD = gnu11;
				GCC_DYNAMIC_NO_PIC = NO;
				GCC_NO_COMMON_BLOCKS = YES;
				GCC_OPTIMIZATION_LEVEL = 0;
				GCC_PREPROCESSOR_DEFINITIONS = (
					"DEBUG=1",
					"$(inherited)",
				);
				GCC_WARN_64_TO_32_BIT_CONVERSION = YES;
				GCC_WARN_ABOUT_RETURN_TYPE = YES_ERROR;
				GCC_WARN_UNDECLARED_SELECTOR = YES;
				GCC_WARN_UNINITIALIZED_AUTOS = YES_AGGRESSIVE;
				GCC_WARN_UNUSED_FUNCTION = YES;
				GCC_WARN_UNUSED_VARIABLE = YES;
				IPHONEOS_DEPLOYMENT_TARGET = 14.5;
				MTL_ENABLE_DEBUG_INFO = INCLUDE_SOURCE;
				MTL_FAST_MATH = YES;
				ONLY_ACTIVE_ARCH = YES;
				SDKROOT = iphoneos;
				SWIFT_ACTIVE_COMPILATION_CONDITIONS = DEBUG;
				SWIFT_OPTIMIZATION_LEVEL = "-Onone";
			};
			name = Debug;
		};
		B15C3867279601D1002C241F /* Release */ = {
			isa = XCBuildConfiguration;
			buildSettings = {
				ALWAYS_SEARCH_USER_PATHS = NO;
				CLANG_ANALYZER_NONNULL = YES;
				CLANG_ANALYZER_NUMBER_OBJECT_CONVERSION = YES_AGGRESSIVE;
				CLANG_CXX_LANGUAGE_STANDARD = "gnu++14";
				CLANG_CXX_LIBRARY = "libc++";
				CLANG_ENABLE_MODULES = YES;
				CLANG_ENABLE_OBJC_ARC = YES;
				CLANG_ENABLE_OBJC_WEAK = YES;
				CLANG_WARN_BLOCK_CAPTURE_AUTORELEASING = YES;
				CLANG_WARN_BOOL_CONVERSION = YES;
				CLANG_WARN_COMMA = YES;
				CLANG_WARN_CONSTANT_CONVERSION = YES;
				CLANG_WARN_DEPRECATED_OBJC_IMPLEMENTATIONS = YES;
				CLANG_WARN_DIRECT_OBJC_ISA_USAGE = YES_ERROR;
				CLANG_WARN_DOCUMENTATION_COMMENTS = YES;
				CLANG_WARN_EMPTY_BODY = YES;
				CLANG_WARN_ENUM_CONVERSION = YES;
				CLANG_WARN_INFINITE_RECURSION = YES;
				CLANG_WARN_INT_CONVERSION = YES;
				CLANG_WARN_NON_LITERAL_NULL_CONVERSION = YES;
				CLANG_WARN_OBJC_IMPLICIT_RETAIN_SELF = YES;
				CLANG_WARN_OBJC_LITERAL_CONVERSION = YES;
				CLANG_WARN_OBJC_ROOT_CLASS = YES_ERROR;
				CLANG_WARN_QUOTED_INCLUDE_IN_FRAMEWORK_HEADER = YES;
				CLANG_WARN_RANGE_LOOP_ANALYSIS = YES;
				CLANG_WARN_STRICT_PROTOTYPES = YES;
				CLANG_WARN_SUSPICIOUS_MOVE = YES;
				CLANG_WARN_UNGUARDED_AVAILABILITY = YES_AGGRESSIVE;
				CLANG_WARN_UNREACHABLE_CODE = YES;
				CLANG_WARN__DUPLICATE_METHOD_MATCH = YES;
				COPY_PHASE_STRIP = NO;
				DEBUG_INFORMATION_FORMAT = "dwarf-with-dsym";
				ENABLE_NS_ASSERTIONS = NO;
				ENABLE_STRICT_OBJC_MSGSEND = YES;
				GCC_C_LANGUAGE_STANDARD = gnu11;
				GCC_NO_COMMON_BLOCKS = YES;
				GCC_WARN_64_TO_32_BIT_CONVERSION = YES;
				GCC_WARN_ABOUT_RETURN_TYPE = YES_ERROR;
				GCC_WARN_UNDECLARED_SELECTOR = YES;
				GCC_WARN_UNINITIALIZED_AUTOS = YES_AGGRESSIVE;
				GCC_WARN_UNUSED_FUNCTION = YES;
				GCC_WARN_UNUSED_VARIABLE = YES;
				IPHONEOS_DEPLOYMENT_TARGET = 14.5;
				MTL_ENABLE_DEBUG_INFO = NO;
				MTL_FAST_MATH = YES;
				SDKROOT = iphoneos;
				SWIFT_COMPILATION_MODE = wholemodule;
				SWIFT_OPTIMIZATION_LEVEL = "-O";
				VALIDATE_PRODUCT = YES;
			};
			name = Release;
		};
		B15C3869279601D1002C241F /* Debug */ = {
			isa = XCBuildConfiguration;
			baseConfigurationReference = 40C958FB849100A3A4E0203D /* Pods-PlatziTweets.debug.xcconfig */;
			buildSettings = {
				ASSETCATALOG_COMPILER_APPICON_NAME = AppIcon;
				ASSETCATALOG_COMPILER_GLOBAL_ACCENT_COLOR_NAME = AccentColor;
				CODE_SIGN_STYLE = Automatic;
				DEVELOPMENT_TEAM = 5SUWMVQHWD;
				FRAMEWORK_SEARCH_PATHS = (
					"$(inherited)",
					"$(PROJECT_DIR)/Carthage/Build/iOS",
				);
				INFOPLIST_FILE = PlatziTweets/Info.plist;
				IPHONEOS_DEPLOYMENT_TARGET = 12.1;
				LD_RUNPATH_SEARCH_PATHS = (
					"$(inherited)",
					"@executable_path/Frameworks",
				);
				PRODUCT_BUNDLE_IDENTIFIER = co.dev.yovany.PlatziTweets;
				PRODUCT_NAME = "$(TARGET_NAME)";
				SWIFT_VERSION = 5.0;
				TARGETED_DEVICE_FAMILY = 1;
				VALIDATE_WORKSPACE = YES;
			};
			name = Debug;
		};
		B15C386A279601D1002C241F /* Release */ = {
			isa = XCBuildConfiguration;
			baseConfigurationReference = F56A0B9E48983299821282DE /* Pods-PlatziTweets.release.xcconfig */;
			buildSettings = {
				ASSETCATALOG_COMPILER_APPICON_NAME = AppIcon;
				ASSETCATALOG_COMPILER_GLOBAL_ACCENT_COLOR_NAME = AccentColor;
				CODE_SIGN_STYLE = Automatic;
				DEVELOPMENT_TEAM = 5SUWMVQHWD;
				FRAMEWORK_SEARCH_PATHS = (
					"$(inherited)",
					"$(PROJECT_DIR)/Carthage/Build/iOS",
				);
				INFOPLIST_FILE = PlatziTweets/Info.plist;
				IPHONEOS_DEPLOYMENT_TARGET = 12.1;
				LD_RUNPATH_SEARCH_PATHS = (
					"$(inherited)",
					"@executable_path/Frameworks",
				);
				PRODUCT_BUNDLE_IDENTIFIER = co.dev.yovany.PlatziTweets;
				PRODUCT_NAME = "$(TARGET_NAME)";
				SWIFT_VERSION = 5.0;
				TARGETED_DEVICE_FAMILY = 1;
				VALIDATE_WORKSPACE = YES;
			};
			name = Release;
		};
/* End XCBuildConfiguration section */

/* Begin XCConfigurationList section */
		B15C384F279601CC002C241F /* Build configuration list for PBXProject "PlatziTweets" */ = {
			isa = XCConfigurationList;
			buildConfigurations = (
				B15C3866279601D1002C241F /* Debug */,
				B15C3867279601D1002C241F /* Release */,
			);
			defaultConfigurationIsVisible = 0;
			defaultConfigurationName = Release;
		};
		B15C3868279601D1002C241F /* Build configuration list for PBXNativeTarget "PlatziTweets" */ = {
			isa = XCConfigurationList;
			buildConfigurations = (
				B15C3869279601D1002C241F /* Debug */,
				B15C386A279601D1002C241F /* Release */,
			);
			defaultConfigurationIsVisible = 0;
			defaultConfigurationName = Release;
		};
/* End XCConfigurationList section */
	};
	rootObject = B15C384C279601CC002C241F /* Project object */;
}
